
Microsoft Visual Studio Solution File, Format Version 12.00
# Visual Studio Version 16
VisualStudioVersion = 16.0.31005.135
MinimumVisualStudioVersion = 10.0.40219.1
Project("{FAE04EC0-301F-11D3-BF4B-00C04F79EFBC}") = "Project.Domain", "Project.Domain\Project.Domain.csproj", "{1BB1AE15-934B-4A98-A2C0-D3EC9718A339}"
EndProject
Project("{FAE04EC0-301F-11D3-BF4B-00C04F79EFBC}") = "Project.Application", "Project.Application\Project.Application.csproj", "{088EC7EC-A836-4644-A69F-CCF32EF97541}"
EndProject
Project("{FAE04EC0-301F-11D3-BF4B-00C04F79EFBC}") = "Project.DataBase", "Project.DataBase\Project.DataBase.csproj", "{EAF32EE9-4052-4A5D-8E3B-B9377DADA266}"
EndProject
Project("{FAE04EC0-301F-11D3-BF4B-00C04F79EFBC}") = "Project.Model", "Project.Model\Project.Model.csproj", "{C93D2D58-8CD0-456E-9CAF-74238D145846}"
EndProject
Project("{FAE04EC0-301F-11D3-BF4B-00C04F79EFBC}") = "Project.Web", "Project.Web\Project.Web.csproj", "{F90B6A7E-D39D-489F-8464-8154F86DF4F6}"
EndProject
Global
	GlobalSection(SolutionConfigurationPlatforms) = preSolution
		Debug|Any CPU = Debug|Any CPU
		Release|Any CPU = Release|Any CPU
	EndGlobalSection
	GlobalSection(ProjectConfigurationPlatforms) = postSolution
		{1BB1AE15-934B-4A98-A2C0-D3EC9718A339}.Debug|Any CPU.ActiveCfg = Debug|Any CPU
		{1BB1AE15-934B-4A98-A2C0-D3EC9718A339}.Debug|Any CPU.Build.0 = Debug|Any CPU
		{1BB1AE15-934B-4A98-A2C0-D3EC9718A339}.Release|Any CPU.ActiveCfg = Release|Any CPU
		{1BB1AE15-934B-4A98-A2C0-D3EC9718A339}.Release|Any CPU.Build.0 = Release|Any CPU
		{088EC7EC-A836-4644-A69F-CCF32EF97541}.Debug|Any CPU.ActiveCfg = Debug|Any CPU
		{088EC7EC-A836-4644-A69F-CCF32EF97541}.Debug|Any CPU.Build.0 = Debug|Any CPU
		{088EC7EC-A836-4644-A69F-CCF32EF97541}.Release|Any CPU.ActiveCfg = Release|Any CPU
		{088EC7EC-A836-4644-A69F-CCF32EF97541}.Release|Any CPU.Build.0 = Release|Any CPU
		{EAF32EE9-4052-4A5D-8E3B-B9377DADA266}.Debug|Any CPU.ActiveCfg = Debug|Any CPU
		{EAF32EE9-4052-4A5D-8E3B-B9377DADA266}.Debug|Any CPU.Build.0 = Debug|Any CPU
		{EAF32EE9-4052-4A5D-8E3B-B9377DADA266}.Release|Any CPU.ActiveCfg = Release|Any CPU
		{EAF32EE9-4052-4A5D-8E3B-B9377DADA266}.Release|Any CPU.Build.0 = Release|Any CPU
		{C93D2D58-8CD0-456E-9CAF-74238D145846}.Debug|Any CPU.ActiveCfg = Debug|Any CPU
		{C93D2D58-8CD0-456E-9CAF-74238D145846}.Debug|Any CPU.Build.0 = Debug|Any CPU
		{C93D2D58-8CD0-456E-9CAF-74238D145846}.Release|Any CPU.ActiveCfg = Release|Any CPU
		{C93D2D58-8CD0-456E-9CAF-74238D145846}.Release|Any CPU.Build.0 = Release|Any CPU
		{F90B6A7E-D39D-489F-8464-8154F86DF4F6}.Debug|Any CPU.ActiveCfg = Debug|Any CPU
		{F90B6A7E-D39D-489F-8464-8154F86DF4F6}.Debug|Any CPU.Build.0 = Debug|Any CPU
		{F90B6A7E-D39D-489F-8464-8154F86DF4F6}.Release|Any CPU.ActiveCfg = Release|Any CPU
		{F90B6A7E-D39D-489F-8464-8154F86DF4F6}.Release|Any CPU.Build.0 = Release|Any CPU
	EndGlobalSection
	GlobalSection(SolutionProperties) = preSolution
		HideSolutionNode = FALSE
	EndGlobalSection
	GlobalSection(ExtensibilityGlobals) = postSolution
		SolutionGuid = {C33C7040-82F4-46F5-823B-53E954AF229E}
	EndGlobalSection
EndGlobal
